
Microsoft Visual Studio Solution File, Format Version 12.00
# Visual Studio 15
VisualStudioVersion = 15.0.27703.2000
MinimumVisualStudioVersion = 10.0.40219.1
Project("{FAE04EC0-301F-11D3-BF4B-00C04F79EFBC}") = "WebApplication1", "WebApplication1\WebApplication1.csproj", "{043F09EE-CF3F-4E5A-B532-5DB014A6A02D}"
EndProject
Global
	GlobalSection(SolutionConfigurationPlatforms) = preSolution
		Debug|Any CPU = Debug|Any CPU
		Release|Any CPU = Release|Any CPU
	EndGlobalSection
	GlobalSection(ProjectConfigurationPlatforms) = postSolution
		{043F09EE-CF3F-4E5A-B532-5DB014A6A02D}.Debug|Any CPU.ActiveCfg = Debug|Any CPU
		{043F09EE-CF3F-4E5A-B532-5DB014A6A02D}.Debug|Any CPU.Build.0 = Debug|Any CPU
		{043F09EE-CF3F-4E5A-B532-5DB014A6A02D}.Release|Any CPU.ActiveCfg = Release|Any CPU
		{043F09EE-CF3F-4E5A-B532-5DB014A6A02D}.Release|Any CPU.Build.0 = Release|Any CPU
	EndGlobalSection
	GlobalSection(SolutionProperties) = preSolution
		HideSolutionNode = FALSE
	EndGlobalSection
	GlobalSection(ExtensibilityGlobals) = postSolution
		SolutionGuid = {00964F5F-4848-4640-9879-5DBB256EAF9B}
	EndGlobalSection
EndGlobal
